{
  "nodes": {
    "claude-desktop-repo": {
      "flake": false,
      "locked": {
        "narHash": "sha256-ipNOrDOrcLPcLN7NxPiRPYXnHvJCv0lWyvK3NhLeARg=",
        "type": "file",
        "url": "https://downloads.claude.ai/claude-desktop/apt/stable/dists/stable/main/binary-amd64/Packages"
      },
      "original": {
        "type": "file",
        "url": "https://downloads.claude.ai/claude-desktop/apt/stable/dists/stable/main/binary-amd64/Packages"
      }
    },
    "crane": {
      "locked": {
        "lastModified": 1785782307,
        "narHash": "sha256-MPaRdVkf6zZP5fCPxYCi8Dr4pZzgmXzg8T9nVEbp3Mw=",
        "owner": "ipetkov",
        "repo": "crane",
        "rev": "2c71e194474d13de031d729b729c968ddbe3507f",
        "type": "github"
      },
      "original": {
        "owner": "ipetkov",
        "repo": "crane",
        "type": "github"
      }
    },
    "flake-compat": {
      "flake": false,
      "locked": {
        "lastModified": 1767039857,
        "narHash": "sha256-vNpUSpF5Nuw8xvDLj2KCwwksIbjua2LZCqhV1LNRDns=",
        "owner": "edolstra",
        "repo": "flake-compat",
        "rev": "5edf11c44bc78a0d334f6334cdaf7d60d732daab",
        "type": "github"
      },
      "original": {
        "owner": "edolstra",
        "repo": "flake-compat",
        "type": "github"
      }
    },
    "flake-parts": {
      "inputs": {
        "nixpkgs-lib": "nixpkgs-lib"
      },
      "locked": {
        "lastModified": 1772408722,
        "narHash": "sha256-rHuJtdcOjK7rAHpHphUb1iCvgkU3GpfvicLMwwnfMT0=",
        "owner": "hercules-ci",
        "repo": "flake-parts",
        "rev": "f20dc5d9b8027381c474144ecabc9034d6a839a3",
        "type": "github"
      },
      "original": {
        "owner": "hercules-ci",
        "repo": "flake-parts",
        "type": "github"
      }
    },
    "flake-parts_2": {
      "inputs": {
        "nixpkgs-lib": "nixpkgs-lib_2"
      },
      "locked": {
        "lastModified": 1785627969,
        "narHash": "sha256-4dtXQk/NMePegK/nWp5NSeuZKLATItOq61lpEvmXqGw=",
        "owner": "hercules-ci",
        "repo": "flake-parts",
        "rev": "427bf4bd9435fdf21321c8cc628c24efc14c0f7a",
        "type": "github"
      },
      "original": {
        "owner": "hercules-ci",
        "repo": "flake-parts",
        "type": "github"
      }
    },
    "home-manager": {
      "inputs": {
        "nixpkgs": [
          "nixpkgs"
        ]
      },
      "locked": {
        "lastModified": 1789235087,
        "narHash": "sha256-6hZ6Gy8isRQsWdI4l81Egag/PUIh68nSmFr2maInUNg=",
        "owner": "nix-community",
        "repo": "home-manager",
        "rev": "fe48612c5321a2cc09b0f563757a9c9733d641f8",
        "type": "github"
      },
      "original": {
        "owner": "nix-community",
        "repo": "home-manager",
        "type": "github"
      }
    },
    "hypr-persist": {
      "flake": false,
      "locked": {
        "lastModified": 1785372293,
        "narHash": "sha256-Nh2+JpQQW6qi2ULUGjJyqhN8/3AKRHjlpHOXiVeD6h0=",
        "owner": "ngamber",
        "repo": "hypr-persist",
        "rev": "31836057e09b46d8d32645dbb75035f31164dd5f",
        "type": "github"
      },
      "original": {
        "owner": "ngamber",
        "repo": "hypr-persist",
        "rev": "31836057e09b46d8d32645dbb75035f31164dd5f",
        "type": "github"
      }
    },
    "hyprland-pinned": {
      "locked": {
        "lastModified": 1787364730,
        "narHash": "sha256-NcYt9QJfpJiF1lAyN8BDPB4EeScbPU+EwQqPiBElrpU=",
        "owner": "NixOS",
        "repo": "nixpkgs",
        "rev": "a831408e6378bc02ebf8cc09b52c96ca86f6bab4",
        "type": "github"
      },
      "original": {
        "owner": "NixOS",
        "repo": "nixpkgs",
        "rev": "a831408e6378bc02ebf8cc09b52c96ca86f6bab4",
        "type": "github"
      }
    },
    "nixos-hardware": {
      "inputs": {
        "nixpkgs": "nixpkgs"
      },
      "locked": {
        "lastModified": 1789127271,
        "narHash": "sha256-vL/Fpo7Zxa7wvO8V5FAToUBvP+K3XsMB1wUglTtd/J0=",
        "owner": "NixOS",
        "repo": "nixos-hardware",
        "rev": "24cfdc1f9344b90a1eee329a3906e2f39f4d0f1e",
        "type": "github"
      },
      "original": {
        "owner": "NixOS",
        "repo": "nixos-hardware",
        "type": "github"
      }
    },
    "nixos-wsl": {
      "inputs": {
        "flake-compat": "flake-compat",
        "nixpkgs": [
          "nixpkgs"
        ]
      },
      "locked": {
        "lastModified": 1789164534,
        "narHash": "sha256-DoYGPM6QpnYBLWj9gGw6ZwAzIX+HrAVov1BoT+8Jixo=",
        "owner": "nix-community",
        "repo": "NixOS-WSL",
        "rev": "72c92b11bb8289e6651c7fef29cc0a885fd6a255",
        "type": "github"
      },
      "original": {
        "owner": "nix-community",
        "ref": "main",
        "repo": "NixOS-WSL",
        "type": "github"
      }
    },
    "nixpkgs": {
      "locked": {
        "lastModified": 1767892417,
        "narHash": "sha256-8bW3q88CEg2u4hSP66Vf4lpbLonHz7hqDNBMcCY7E9U=",
        "rev": "3497aa5c9457a9d88d71fa93a4a8368816fbeeba",
        "type": "tarball",
        "url": "https://releases.nixos.org/nixos/unstable/nixos-26.05pre924538.3497aa5c9457/nixexprs.tar.xz"
      },
      "original": {
        "type": "tarball",
        "url": "https://channels.nixos.org/nixos-unstable/nixexprs.tar.xz"
      }
    },
    "nixpkgs-lib": {
      "locked": {
        "lastModified": 1772328832,
        "narHash": "sha256-e+/T/pmEkLP6BHhYjx6GmwP5ivonQQn0bJdH9YrRB+Q=",
        "owner": "nix-community",
        "repo": "nixpkgs.lib",
        "rev": "c185c7a5e5dd8f9add5b2f8ebeff00888b070742",
        "type": "github"
      },
      "original": {
        "owner": "nix-community",
        "repo": "nixpkgs.lib",
        "type": "github"
      }
    },
    "nixpkgs-lib_2": {
      "locked": {
        "lastModified": 1785031560,
        "narHash": "sha256-OmshNvn2vupOFpYinLUu+1Dnpu4n7Q5N3ggGVNHpkUI=",
        "owner": "nix-community",
        "repo": "nixpkgs.lib",
        "rev": "0e79af5e3d4dcfcd676ab5ba3f95d2e3352e078c",
        "type": "github"
      },
      "original": {
        "owner": "nix-community",
        "repo": "nixpkgs.lib",
        "type": "github"
      }
    },
    "nixpkgs_2": {
      "locked": {
        "lastModified": 1789073787,
        "narHash": "sha256-xfX/toC2QV707s06GbP4II/TxYF0fNQj7s5/LClNDKc=",
        "owner": "NixOS",
        "repo": "nixpkgs",
        "rev": "aff8a0b28396750446e5537a96461bc4facdb287",
        "type": "github"
      },
      "original": {
        "owner": "NixOS",
        "ref": "nixpkgs-unstable",
        "repo": "nixpkgs",
        "type": "github"
      }
    },
    "nixpkgs_3": {
      "locked": {
        "lastModified": 1785747939,
        "narHash": "sha256-D740uKsMbgsfK2oaDenJLLPIZfq7W0/g4KN/Fls8eKs=",
        "owner": "NixOS",
        "repo": "nixpkgs",
        "rev": "104240a772428cc2e20d8fd86c9ddbb886bbaff2",
        "type": "github"
      },
      "original": {
        "owner": "NixOS",
        "ref": "nixpkgs-unstable",
        "repo": "nixpkgs",
        "type": "github"
      }
    },
    "root": {
      "inputs": {
        "claude-desktop-repo": "claude-desktop-repo",
        "home-manager": "home-manager",
        "hypr-persist": "hypr-persist",
        "hyprland-pinned": "hyprland-pinned",
        "nixos-hardware": "nixos-hardware",
        "nixos-wsl": "nixos-wsl",
        "nixpkgs": "nixpkgs_2",
        "tether": "tether",
        "vscode-server": "vscode-server",
        "xremap-flake": "xremap-flake"
      }
    },
    "tether": {
      "inputs": {
        "nixpkgs": [
          "nixpkgs"
        ]
      },
      "locked": {
        "lastModified": 1789261201,
        "narHash": "sha256-yBt/nXMp6Q2LuFer4vhRoI0ZhnKmubaYc1NVyKNrQzE=",
        "owner": "zackb",
        "repo": "tether",
        "rev": "32c99decac365aff0bcdf45e7be4272f33b0a9da",
        "type": "github"
      },
      "original": {
        "owner": "zackb",
        "repo": "tether",
        "type": "github"
      }
    },
    "vscode-server": {
      "inputs": {
        "flake-parts": "flake-parts"
      },
      "locked": {
        "lastModified": 1784312229,
        "narHash": "sha256-2uHCSUw341o3my1R0U0YCfbnMEazylxb58evWsjGL50=",
        "owner": "nix-community",
        "repo": "nixos-vscode-server",
        "rev": "2f984dfbe7e5271b5c413d3e734374cc1306c921",
        "type": "github"
      },
      "original": {
        "owner": "nix-community",
        "repo": "nixos-vscode-server",
        "type": "github"
      }
    },
    "xremap": {
      "flake": false,
      "locked": {
        "lastModified": 1787823445,
        "narHash": "sha256-h6aWgV+wlERel7CVhuUG17Pqo6F2V7h5OlaAegHvSz4=",
        "owner": "k0kubun",
        "repo": "xremap",
        "rev": "7e6649e442ca445b781e4cf0e90c165f86e717db",
        "type": "github"
      },
      "original": {
        "owner": "k0kubun",
        "ref": "v0.15.12",
        "repo": "xremap",
        "type": "github"
      }
    },
    "xremap-flake": {
      "inputs": {
        "crane": "crane",
        "flake-parts": "flake-parts_2",
        "nixpkgs": "nixpkgs_3",
        "xremap": "xremap"
      },
      "locked": {
        "lastModified": 1788397935,
        "narHash": "sha256-8ag5CiJFb0G9kykfrHEEqoHC7up6gHg6utoIjOH7bUA=",
        "owner": "xremap",
        "repo": "nix-flake",
        "rev": "3569aeddf628fe918b49d8a65c1ae0d06b2613ea",
        "type": "github"
      },
      "original": {
        "owner": "xremap",
        "repo": "nix-flake",
        "type": "github"
      }
    }
  },
  "root": "root",
  "version": 7
}
